
Microsoft Visual Studio Solution File, Format Version 12.00
# Visual Studio Version 17
VisualStudioVersion = 17.0.31919.166
MinimumVisualStudioVersion = 10.0.40219.1
Project("{2150E333-8FDC-42A3-9474-1A3956D46DE8}") = "Backend", "Backend", "{1BDDD998-A8EF-4C92-9880-73B1EA568534}"
EndProject
Project("{2150E333-8FDC-42A3-9474-1A3956D46DE8}") = "Frontend", "Frontend", "{03666DFE-7E3E-4404-B541-A1642589E4D1}"
EndProject
Project("{2150E333-8FDC-42A3-9474-1A3956D46DE8}") = "Core", "Core", "{4A8497A9-236D-45E1-80C7-AA05AF84CF25}"
EndProject
Project("{9A19103F-16F7-4668-BE54-9A1E7A4F7556}") = "WifiSD.Core", "WifiSD.Core\WifiSD.Core.csproj", "{429CFC86-21FC-4980-86D7-5971737E134B}"
EndProject
Project("{2150E333-8FDC-42A3-9474-1A3956D46DE8}") = "Persistence", "Persistence", "{6B0BA455-F20E-4277-83DA-FAEA41D33CAC}"
EndProject
Project("{9A19103F-16F7-4668-BE54-9A1E7A4F7556}") = "WifiSD.Persistence", "WifiSD.Persistence\WifiSD.Persistence.csproj", "{5561C327-35CB-4785-880B-6C7B796B6555}"
EndProject
Project("{2150E333-8FDC-42A3-9474-1A3956D46DE8}") = "Application", "Application", "{2C55CDC3-5460-447C-8FB0-2A3F61F2D17A}"
EndProject
Project("{9A19103F-16F7-4668-BE54-9A1E7A4F7556}") = "WifiSD.Application", "WifiSD.Application\WifiSD.Application.csproj", "{98467573-B125-4015-92A6-A85F8B74CC31}"
EndProject
Project("{2150E333-8FDC-42A3-9474-1A3956D46DE8}") = "Common", "Common", "{D0383CCE-F6AF-4906-874C-6AE8BAF9ADC2}"
EndProject
Project("{9A19103F-16F7-4668-BE54-9A1E7A4F7556}") = "WifiSD.Common", "WifiSD.Common\WifiSD.Common.csproj", "{1E873831-3330-43B2-9431-1FFD67D0042B}"
EndProject
Project("{9A19103F-16F7-4668-BE54-9A1E7A4F7556}") = "WifiSD.WS", "WifiSD.WS\WifiSD.WS.csproj", "{98EFF619-B15D-4B6F-81D4-6AA7A837C9BA}"
EndProject
Project("{9A19103F-16F7-4668-BE54-9A1E7A4F7556}") = "WifiSD.WebAPP", "WifiSD.WebAPP\WifiSD.WebAPP.csproj", "{633AA695-0CF5-42F1-AB41-1DD6BC6FF3C5}"
EndProject
Project("{FAE04EC0-301F-11D3-BF4B-00C04F79EFBC}") = "WifiSD.Resources", "WifiSD.Resources\WifiSD.Resources.csproj", "{F97E4028-8A2C-4933-AD4F-FB32DF4FDA1C}"
EndProject
Global
	GlobalSection(SolutionConfigurationPlatforms) = preSolution
		Debug|Any CPU = Debug|Any CPU
		Release|Any CPU = Release|Any CPU
	EndGlobalSection
	GlobalSection(ProjectConfigurationPlatforms) = postSolution
		{429CFC86-21FC-4980-86D7-5971737E134B}.Debug|Any CPU.ActiveCfg = Debug|Any CPU
		{429CFC86-21FC-4980-86D7-5971737E134B}.Debug|Any CPU.Build.0 = Debug|Any CPU
		{429CFC86-21FC-4980-86D7-5971737E134B}.Release|Any CPU.ActiveCfg = Release|Any CPU
		{429CFC86-21FC-4980-86D7-5971737E134B}.Release|Any CPU.Build.0 = Release|Any CPU
		{5561C327-35CB-4785-880B-6C7B796B6555}.Debug|Any CPU.ActiveCfg = Debug|Any CPU
		{5561C327-35CB-4785-880B-6C7B796B6555}.Debug|Any CPU.Build.0 = Debug|Any CPU
		{5561C327-35CB-4785-880B-6C7B796B6555}.Release|Any CPU.ActiveCfg = Release|Any CPU
		{5561C327-35CB-4785-880B-6C7B796B6555}.Release|Any CPU.Build.0 = Release|Any CPU
		{98467573-B125-4015-92A6-A85F8B74CC31}.Debug|Any CPU.ActiveCfg = Debug|Any CPU
		{98467573-B125-4015-92A6-A85F8B74CC31}.Debug|Any CPU.Build.0 = Debug|Any CPU
		{98467573-B125-4015-92A6-A85F8B74CC31}.Release|Any CPU.ActiveCfg = Release|Any CPU
		{98467573-B125-4015-92A6-A85F8B74CC31}.Release|Any CPU.Build.0 = Release|Any CPU
		{1E873831-3330-43B2-9431-1FFD67D0042B}.Debug|Any CPU.ActiveCfg = Debug|Any CPU
		{1E873831-3330-43B2-9431-1FFD67D0042B}.Debug|Any CPU.Build.0 = Debug|Any CPU
		{1E873831-3330-43B2-9431-1FFD67D0042B}.Release|Any CPU.ActiveCfg = Release|Any CPU
		{1E873831-3330-43B2-9431-1FFD67D0042B}.Release|Any CPU.Build.0 = Release|Any CPU
		{98EFF619-B15D-4B6F-81D4-6AA7A837C9BA}.Debug|Any CPU.ActiveCfg = Debug|Any CPU
		{98EFF619-B15D-4B6F-81D4-6AA7A837C9BA}.Debug|Any CPU.Build.0 = Debug|Any CPU
		{98EFF619-B15D-4B6F-81D4-6AA7A837C9BA}.Release|Any CPU.ActiveCfg = Release|Any CPU
		{98EFF619-B15D-4B6F-81D4-6AA7A837C9BA}.Release|Any CPU.Build.0 = Release|Any CPU
		{633AA695-0CF5-42F1-AB41-1DD6BC6FF3C5}.Debug|Any CPU.ActiveCfg = Debug|Any CPU
		{633AA695-0CF5-42F1-AB41-1DD6BC6FF3C5}.Debug|Any CPU.Build.0 = Debug|Any CPU
		{633AA695-0CF5-42F1-AB41-1DD6BC6FF3C5}.Release|Any CPU.ActiveCfg = Release|Any CPU
		{633AA695-0CF5-42F1-AB41-1DD6BC6FF3C5}.Release|Any CPU.Build.0 = Release|Any CPU
		{F97E4028-8A2C-4933-AD4F-FB32DF4FDA1C}.Debug|Any CPU.ActiveCfg = Debug|Any CPU
		{F97E4028-8A2C-4933-AD4F-FB32DF4FDA1C}.Debug|Any CPU.Build.0 = Debug|Any CPU
		{F97E4028-8A2C-4933-AD4F-FB32DF4FDA1C}.Release|Any CPU.ActiveCfg = Release|Any CPU
		{F97E4028-8A2C-4933-AD4F-FB32DF4FDA1C}.Release|Any CPU.Build.0 = Release|Any CPU
	EndGlobalSection
	GlobalSection(SolutionProperties) = preSolution
		HideSolutionNode = FALSE
	EndGlobalSection
	GlobalSection(NestedProjects) = preSolution
		{4A8497A9-236D-45E1-80C7-AA05AF84CF25} = {1BDDD998-A8EF-4C92-9880-73B1EA568534}
		{429CFC86-21FC-4980-86D7-5971737E134B} = {4A8497A9-236D-45E1-80C7-AA05AF84CF25}
		{6B0BA455-F20E-4277-83DA-FAEA41D33CAC} = {1BDDD998-A8EF-4C92-9880-73B1EA568534}
		{5561C327-35CB-4785-880B-6C7B796B6555} = {6B0BA455-F20E-4277-83DA-FAEA41D33CAC}
		{2C55CDC3-5460-447C-8FB0-2A3F61F2D17A} = {1BDDD998-A8EF-4C92-9880-73B1EA568534}
		{98467573-B125-4015-92A6-A85F8B74CC31} = {2C55CDC3-5460-447C-8FB0-2A3F61F2D17A}
		{D0383CCE-F6AF-4906-874C-6AE8BAF9ADC2} = {1BDDD998-A8EF-4C92-9880-73B1EA568534}
		{1E873831-3330-43B2-9431-1FFD67D0042B} = {D0383CCE-F6AF-4906-874C-6AE8BAF9ADC2}
		{98EFF619-B15D-4B6F-81D4-6AA7A837C9BA} = {03666DFE-7E3E-4404-B541-A1642589E4D1}
		{633AA695-0CF5-42F1-AB41-1DD6BC6FF3C5} = {03666DFE-7E3E-4404-B541-A1642589E4D1}
		{F97E4028-8A2C-4933-AD4F-FB32DF4FDA1C} = {D0383CCE-F6AF-4906-874C-6AE8BAF9ADC2}
	EndGlobalSection
	GlobalSection(ExtensibilityGlobals) = postSolution
		SolutionGuid = {04A327A2-EEEF-4EB4-B172-0BFF854BFBAE}
	EndGlobalSection
EndGlobal
